
Microsoft Visual Studio Solution File, Format Version 12.00
# Visual Studio Version 16
VisualStudioVersion = 25.0.1704.1
MinimumVisualStudioVersion = 10.0.40219.1
Project("{FAE04EC0-301F-11D3-BF4B-00C04F79EFBC}") = "AzureWeb1", "AzureWeb1\AzureWeb1.csproj", "{0727B870-5EBE-4DE9-832A-2DF797DEC29C}"
EndProject
Global
	GlobalSection(SolutionConfigurationPlatforms) = preSolution
		Debug|Any CPU = Debug|Any CPU
		Release|Any CPU = Release|Any CPU
	EndGlobalSection
	GlobalSection(ProjectConfigurationPlatforms) = postSolution
		{0727B870-5EBE-4DE9-832A-2DF797DEC29C}.Debug|Any CPU.ActiveCfg = Debug|Any CPU
		{0727B870-5EBE-4DE9-832A-2DF797DEC29C}.Debug|Any CPU.Build.0 = Debug|Any CPU
		{0727B870-5EBE-4DE9-832A-2DF797DEC29C}.Release|Any CPU.ActiveCfg = Release|Any CPU
		{0727B870-5EBE-4DE9-832A-2DF797DEC29C}.Release|Any CPU.Build.0 = Release|Any CPU
	EndGlobalSection
	GlobalSection(SolutionProperties) = preSolution
		HideSolutionNode = FALSE
	EndGlobalSection
	GlobalSection(ExtensibilityGlobals) = postSolution
		SolutionGuid = {1962F37D-14A9-4944-81CF-672C7EC44F0D}
	EndGlobalSection
EndGlobal
